
Microsoft Visual Studio Solution File, Format Version 12.00
# Visual Studio Version 17
VisualStudioVersion = 17.4.33213.308
MinimumVisualStudioVersion = 10.0.40219.1
Project("{FAE04EC0-301F-11D3-BF4B-00C04F79EFBC}") = "Sim", "Sim\Sim.csproj", "{1AF497E9-0DFE-4AE7-84AE-AB6C14C06BC1}"
EndProject
Project("{FAE04EC0-301F-11D3-BF4B-00C04F79EFBC}") = "Tests", "Tests\Tests.csproj", "{F2AE67A9-0476-4282-B7E8-5A3B2EAEC6A8}"
EndProject
Global
	GlobalSection(SolutionConfigurationPlatforms) = preSolution
		Debug|Any CPU = Debug|Any CPU
		Release|Any CPU = Release|Any CPU
	EndGlobalSection
	GlobalSection(ProjectConfigurationPlatforms) = postSolution
		{1AF497E9-0DFE-4AE7-84AE-AB6C14C06BC1}.Debug|Any CPU.ActiveCfg = Debug|Any CPU
		{1AF497E9-0DFE-4AE7-84AE-AB6C14C06BC1}.Debug|Any CPU.Build.0 = Debug|Any CPU
		{1AF497E9-0DFE-4AE7-84AE-AB6C14C06BC1}.Release|Any CPU.ActiveCfg = Release|Any CPU
		{1AF497E9-0DFE-4AE7-84AE-AB6C14C06BC1}.Release|Any CPU.Build.0 = Release|Any CPU
		{F2AE67A9-0476-4282-B7E8-5A3B2EAEC6A8}.Debug|Any CPU.ActiveCfg = Debug|Any CPU
		{F2AE67A9-0476-4282-B7E8-5A3B2EAEC6A8}.Debug|Any CPU.Build.0 = Debug|Any CPU
		{F2AE67A9-0476-4282-B7E8-5A3B2EAEC6A8}.Release|Any CPU.ActiveCfg = Release|Any CPU
		{F2AE67A9-0476-4282-B7E8-5A3B2EAEC6A8}.Release|Any CPU.Build.0 = Release|Any CPU
	EndGlobalSection
	GlobalSection(SolutionProperties) = preSolution
		HideSolutionNode = FALSE
	EndGlobalSection
	GlobalSection(ExtensibilityGlobals) = postSolution
		SolutionGuid = {2D9FA5E0-5288-4E0B-AAD2-841F53BA6377}
	EndGlobalSection
EndGlobal
